
Microsoft Visual Studio Solution File, Format Version 12.00
# Visual Studio Version 17
VisualStudioVersion = 17.4.33110.190
MinimumVisualStudioVersion = 10.0.40219.1
Project("{9A19103F-16F7-4668-BE54-9A1E7A4F7556}") = "CraftHub", "CraftHub\CraftHub.csproj", "{3B591B25-7ABA-4C7C-91A3-DA7C93E25412}"
EndProject
Project("{9A19103F-16F7-4668-BE54-9A1E7A4F7556}") = "CraftHub.Core", "CraftHub.Core\CraftHub.Core.csproj", "{16E3275D-1390-4B17-ACCF-FA86DD0923A6}"
EndProject
Project("{FAE04EC0-301F-11D3-BF4B-00C04F79EFBC}") = "CraftHub.Infrastructure", "CraftHub.Infrastructure\CraftHub.Infrastructure.csproj", "{BBE90766-83E0-4C6E-9839-069461E11FD2}"
EndProject
Global
	GlobalSection(SolutionConfigurationPlatforms) = preSolution
		Debug|Any CPU = Debug|Any CPU
		Release|Any CPU = Release|Any CPU
	EndGlobalSection
	GlobalSection(ProjectConfigurationPlatforms) = postSolution
		{3B591B25-7ABA-4C7C-91A3-DA7C93E25412}.Debug|Any CPU.ActiveCfg = Debug|Any CPU
		{3B591B25-7ABA-4C7C-91A3-DA7C93E25412}.Debug|Any CPU.Build.0 = Debug|Any CPU
		{3B591B25-7ABA-4C7C-91A3-DA7C93E25412}.Release|Any CPU.ActiveCfg = Release|Any CPU
		{3B591B25-7ABA-4C7C-91A3-DA7C93E25412}.Release|Any CPU.Build.0 = Release|Any CPU
		{16E3275D-1390-4B17-ACCF-FA86DD0923A6}.Debug|Any CPU.ActiveCfg = Debug|Any CPU
		{16E3275D-1390-4B17-ACCF-FA86DD0923A6}.Debug|Any CPU.Build.0 = Debug|Any CPU
		{16E3275D-1390-4B17-ACCF-FA86DD0923A6}.Release|Any CPU.ActiveCfg = Release|Any CPU
		{16E3275D-1390-4B17-ACCF-FA86DD0923A6}.Release|Any CPU.Build.0 = Release|Any CPU
		{BBE90766-83E0-4C6E-9839-069461E11FD2}.Debug|Any CPU.ActiveCfg = Debug|Any CPU
		{BBE90766-83E0-4C6E-9839-069461E11FD2}.Debug|Any CPU.Build.0 = Debug|Any CPU
		{BBE90766-83E0-4C6E-9839-069461E11FD2}.Release|Any CPU.ActiveCfg = Release|Any CPU
		{BBE90766-83E0-4C6E-9839-069461E11FD2}.Release|Any CPU.Build.0 = Release|Any CPU
	EndGlobalSection
	GlobalSection(SolutionProperties) = preSolution
		HideSolutionNode = FALSE
	EndGlobalSection
	GlobalSection(ExtensibilityGlobals) = postSolution
		SolutionGuid = {AD51997C-2FF0-446B-9009-998A2E1ABF6E}
	EndGlobalSection
EndGlobal
