
Microsoft Visual Studio Solution File, Format Version 12.00
# Visual Studio Version 17
VisualStudioVersion = 17.4.33110.190
MinimumVisualStudioVersion = 10.0.40219.1
Project("{FAE04EC0-301F-11D3-BF4B-00C04F79EFBC}") = "CraftHub", "CraftHub\CraftHub.csproj", "{3F617DBE-17D1-4934-B0DE-FC35E486CFB6}"
EndProject
Project("{FAE04EC0-301F-11D3-BF4B-00C04F79EFBC}") = "CraftHub.Core", "CraftHub.Core\CraftHub.Core.csproj", "{9739C429-9BE1-415E-B596-AFDFFA7B890C}"
EndProject
Project("{FAE04EC0-301F-11D3-BF4B-00C04F79EFBC}") = "CraftHub.Infrastructure", "CraftHub.Infrastructure\CraftHub.Infrastructure.csproj", "{541A67E7-6200-4713-9D1A-9E378BC3FFF2}"
EndProject
Global
	GlobalSection(SolutionConfigurationPlatforms) = preSolution
		Debug|Any CPU = Debug|Any CPU
		Release|Any CPU = Release|Any CPU
	EndGlobalSection
	GlobalSection(ProjectConfigurationPlatforms) = postSolution
		{3F617DBE-17D1-4934-B0DE-FC35E486CFB6}.Debug|Any CPU.ActiveCfg = Debug|Any CPU
		{3F617DBE-17D1-4934-B0DE-FC35E486CFB6}.Debug|Any CPU.Build.0 = Debug|Any CPU
		{3F617DBE-17D1-4934-B0DE-FC35E486CFB6}.Release|Any CPU.ActiveCfg = Release|Any CPU
		{3F617DBE-17D1-4934-B0DE-FC35E486CFB6}.Release|Any CPU.Build.0 = Release|Any CPU
		{9739C429-9BE1-415E-B596-AFDFFA7B890C}.Debug|Any CPU.ActiveCfg = Debug|Any CPU
		{9739C429-9BE1-415E-B596-AFDFFA7B890C}.Debug|Any CPU.Build.0 = Debug|Any CPU
		{9739C429-9BE1-415E-B596-AFDFFA7B890C}.Release|Any CPU.ActiveCfg = Release|Any CPU
		{9739C429-9BE1-415E-B596-AFDFFA7B890C}.Release|Any CPU.Build.0 = Release|Any CPU
		{541A67E7-6200-4713-9D1A-9E378BC3FFF2}.Debug|Any CPU.ActiveCfg = Debug|Any CPU
		{541A67E7-6200-4713-9D1A-9E378BC3FFF2}.Debug|Any CPU.Build.0 = Debug|Any CPU
		{541A67E7-6200-4713-9D1A-9E378BC3FFF2}.Release|Any CPU.ActiveCfg = Release|Any CPU
		{541A67E7-6200-4713-9D1A-9E378BC3FFF2}.Release|Any CPU.Build.0 = Release|Any CPU
	EndGlobalSection
	GlobalSection(SolutionProperties) = preSolution
		HideSolutionNode = FALSE
	EndGlobalSection
	GlobalSection(ExtensibilityGlobals) = postSolution
		SolutionGuid = {63534989-0A32-4A68-8978-97500AB8D9CB}
	EndGlobalSection
EndGlobal
